
Microsoft Visual Studio Solution File, Format Version 12.00
# Visual Studio Version 17
VisualStudioVersion = 17.9.34714.143
MinimumVisualStudioVersion = 10.0.40219.1
Project("{FAE04EC0-301F-11D3-BF4B-00C04F79EFBC}") = "VueApp.Server", "VueApp.Server\VueApp.Server.csproj", "{28C39ADD-E5D1-4A0B-BE7A-0A1A58EDDE4D}"
EndProject
Project("{54A90642-561A-4BB1-A94E-469ADEE60C69}") = "vueapp.client", "vueapp.client\vueapp.client.esproj", "{9EA516C1-8EF1-45E6-AC37-B978953322E0}"
EndProject
Global
	GlobalSection(SolutionConfigurationPlatforms) = preSolution
		Debug|Any CPU = Debug|Any CPU
		Release|Any CPU = Release|Any CPU
	EndGlobalSection
	GlobalSection(ProjectConfigurationPlatforms) = postSolution
		{28C39ADD-E5D1-4A0B-BE7A-0A1A58EDDE4D}.Debug|Any CPU.ActiveCfg = Debug|Any CPU
		{28C39ADD-E5D1-4A0B-BE7A-0A1A58EDDE4D}.Debug|Any CPU.Build.0 = Debug|Any CPU
		{28C39ADD-E5D1-4A0B-BE7A-0A1A58EDDE4D}.Release|Any CPU.ActiveCfg = Release|Any CPU
		{28C39ADD-E5D1-4A0B-BE7A-0A1A58EDDE4D}.Release|Any CPU.Build.0 = Release|Any CPU
		{9EA516C1-8EF1-45E6-AC37-B978953322E0}.Debug|Any CPU.ActiveCfg = Debug|Any CPU
		{9EA516C1-8EF1-45E6-AC37-B978953322E0}.Debug|Any CPU.Build.0 = Debug|Any CPU
		{9EA516C1-8EF1-45E6-AC37-B978953322E0}.Debug|Any CPU.Deploy.0 = Debug|Any CPU
		{9EA516C1-8EF1-45E6-AC37-B978953322E0}.Release|Any CPU.ActiveCfg = Release|Any CPU
		{9EA516C1-8EF1-45E6-AC37-B978953322E0}.Release|Any CPU.Build.0 = Release|Any CPU
		{9EA516C1-8EF1-45E6-AC37-B978953322E0}.Release|Any CPU.Deploy.0 = Release|Any CPU
	EndGlobalSection
	GlobalSection(SolutionProperties) = preSolution
		HideSolutionNode = FALSE
	EndGlobalSection
	GlobalSection(ExtensibilityGlobals) = postSolution
		SolutionGuid = {98413FBB-7C53-431E-A3F2-7BE2370855D2}
	EndGlobalSection
EndGlobal
